
Microsoft Visual Studio Solution File, Format Version 12.00
# Visual Studio 2013
VisualStudioVersion = 12.0.30723.0
MinimumVisualStudioVersion = 10.0.40219.1
Project("{FAE04EC0-301F-11D3-BF4B-00C04F79EFBC}") = "NetBotLocalAssistant", "NetBotLocalAssistant\NetBotLocalAssistant.csproj", "{EC2DC04C-52C8-4FC3-8560-7F31BC0D93A0}"
EndProject
Project("{54435603-DBB4-11D2-8724-00A0C9A8B90C}") = "Installer", "Installer\Installer.vdproj", "{545227C3-8820-466C-84DE-FB30BF9F5614}"
EndProject
Global
	GlobalSection(SolutionConfigurationPlatforms) = preSolution
		Debug|Any CPU = Debug|Any CPU
		Release|Any CPU = Release|Any CPU
	EndGlobalSection
	GlobalSection(ProjectConfigurationPlatforms) = postSolution
		{EC2DC04C-52C8-4FC3-8560-7F31BC0D93A0}.Debug|Any CPU.ActiveCfg = Debug|Any CPU
		{EC2DC04C-52C8-4FC3-8560-7F31BC0D93A0}.Debug|Any CPU.Build.0 = Debug|Any CPU
		{EC2DC04C-52C8-4FC3-8560-7F31BC0D93A0}.Release|Any CPU.ActiveCfg = Release|Any CPU
		{EC2DC04C-52C8-4FC3-8560-7F31BC0D93A0}.Release|Any CPU.Build.0 = Release|Any CPU
		{545227C3-8820-466C-84DE-FB30BF9F5614}.Debug|Any CPU.ActiveCfg = Debug
		{545227C3-8820-466C-84DE-FB30BF9F5614}.Release|Any CPU.ActiveCfg = Release
	EndGlobalSection
	GlobalSection(SolutionProperties) = preSolution
		HideSolutionNode = FALSE
	EndGlobalSection
EndGlobal
